{
  "name": "@babel/helper-builder-reblend-jsx",
  "version": "7.24.9",
  "lockfileVersion": 1,
  "requires": true,
  "dependencies": {
    "reblendjs": {
      "version": "1.1.4",
      "resolved": "https://registry.npmjs.org/reblendjs/-/reblendjs-1.1.4.tgz",
      "integrity": "sha512-owaWp0gUa5y4Uhchmyo8zl2XgamHZnrbLa+NJ+p+QHJ1hdJBwf8cYUXOpXFKbuCjo0WBwt0euVmNN/MWJ4xT2w=="
    }
  }
}
